<?xml version="1.0" encoding="utf-8"?>
<Project ToolsVersion="4.0" xmlns="http://schemas.microsoft.com/developer/msbuild/2003">
  <ItemGroup>
    <Filter Include="external">
      <UniqueIdentifier>{2839F3DC-1406-4EE8-3D1F-3C90294B8376}</UniqueIdentifier>
    </Filter>
    <Filter Include="external\glfw">
      <UniqueIdentifier>{E705BA43-53C6-357A-1C01-7FF788807A56}</UniqueIdentifier>
    </Filter>
    <Filter Include="external\glfw\include">
      <UniqueIdentifier>{5A24C6E2-C690-81DD-8F84-193BFBAFA345}</UniqueIdentifier>
    </Filter>
    <Filter Include="external\glfw\include\GLFW">
      <UniqueIdentifier>{D9A7A75D-C5B7-532E-2E71-B84C1AA042C7}</UniqueIdentifier>
    </Filter>
    <Filter Include="external\glm">
      <UniqueIdentifier>{7717D728-637A-66CD-0C00-9F83F8413250}</UniqueIdentifier>
    </Filter>
    <Filter Include="external\glm\glm">
      <UniqueIdentifier>{46850F65-327E-2EB7-5BB0-133C47080EC3}</UniqueIdentifier>
    </Filter>
    <Filter Include="external\glm\glm\detail">
      <UniqueIdentifier>{4812621E-B449-AAB5-BD53-0ED9290AD1AE}</UniqueIdentifier>
    </Filter>
    <Filter Include="external\glm\glm\ext">
      <UniqueIdentifier>{A63B58C0-92CA-E189-3BE9-F5842757F22F}</UniqueIdentifier>
    </Filter>
    <Filter Include="external\glm\glm\gtc">
      <UniqueIdentifier>{934358C0-7FD2-E189-28F1-F584145FF22F}</UniqueIdentifier>
    </Filter>
    <Filter Include="external\glm\glm\gtx">
      <UniqueIdentifier>{A84358C0-94D2-E189-3DF1-F584295FF22F}</UniqueIdentifier>
    </Filter>
    <Filter Include="external\glm\util">
      <UniqueIdentifier>{44FD0707-B013-069D-F98A-91BE65E0D624}</UniqueIdentifier>
    </Filter>
    <Filter Include="external\volk">
      <UniqueIdentifier>{134DC243-7F0D-3E7A-4848-87F7B4C78256}</UniqueIdentifier>
    </Filter>
    <Filter Include="src">
      <UniqueIdentifier>{2DAB880B-99B4-887C-2230-9F7C8E38947C}</UniqueIdentifier>
    </Filter>
  </ItemGroup>
  <ItemGroup>
    <ClInclude Include="..\external\glfw\include\GLFW\glfw3.h">
      <Filter>external\glfw\include\GLFW</Filter>
    </ClInclude>
    <ClInclude Include="..\external\glfw\include\GLFW\glfw3native.h">
      <Filter>external\glfw\include\GLFW</Filter>
    </ClInclude>
    <ClInclude Include="..\external\glm\glm\common.hpp">
      <Filter>external\glm\glm</Filter>
    </ClInclude>
    <ClInclude Include="..\external\glm\glm\detail\_features.hpp">
      <Filter>external\glm\glm\detail</Filter>
    </ClInclude>
    <ClInclude Include="..\external\glm\glm\detail\_fixes.hpp">
      <Filter>external\glm\glm\detail</Filter>
    </ClInclude>
    <ClInclude Include="..\external\glm\glm\detail\_noise.hpp">
      <Filter>external\glm\glm\detail</Filter>
    </ClInclude>
    <ClInclude Include="..\external\glm\glm\detail\_swizzle.hpp">
      <Filter>external\glm\glm\detail</Filter>
    </ClInclude>
    <ClInclude Include="..\external\glm\glm\detail\_swizzle_func.hpp">
      <Filter>external\glm\glm\detail</Filter>
    </ClInclude>
    <ClInclude Include="..\external\glm\glm\detail\_vectorize.hpp">
      <Filter>external\glm\glm\detail</Filter>
    </ClInclude>
    <ClInclude Include="..\external\glm\glm\detail\compute_common.hpp">
      <Filter>external\glm\glm\detail</Filter>
    </ClInclude>
    <ClInclude Include="..\external\glm\glm\detail\compute_vector_relational.hpp">
      <Filter>external\glm\glm\detail</Filter>
    </ClInclude>
    <ClInclude Include="..\external\glm\glm\detail\qualifier.hpp">
      <Filter>external\glm\glm\detail</Filter>
    </ClInclude>
    <ClInclude Include="..\external\glm\glm\detail\setup.hpp">
      <Filter>external\glm\glm\detail</Filter>
    </ClInclude>
    <ClInclude Include="..\external\glm\glm\detail\type_float.hpp">
      <Filter>external\glm\glm\detail</Filter>
    </ClInclude>
    <ClInclude Include="..\external\glm\glm\detail\type_half.hpp">
      <Filter>external\glm\glm\detail</Filter>
    </ClInclude>
    <ClInclude Include="..\external\glm\glm\detail\type_mat2x2.hpp">
      <Filter>external\glm\glm\detail</Filter>
    </ClInclude>
    <ClInclude Include="..\external\glm\glm\detail\type_mat2x3.hpp">
      <Filter>external\glm\glm\detail</Filter>
    </ClInclude>
    <ClInclude Include="..\external\glm\glm\detail\type_mat2x4.hpp">
      <Filter>external\glm\glm\detail</Filter>
    </ClInclude>
    <ClInclude Include="..\external\glm\glm\detail\type_mat3x2.hpp">
      <Filter>external\glm\glm\detail</Filter>
    </ClInclude>
    <ClInclude Include="..\external\glm\glm\detail\type_mat3x3.hpp">
      <Filter>external\glm\glm\detail</Filter>
    </ClInclude>
    <ClInclude Include="..\external\glm\glm\detail\type_mat3x4.hpp">
      <Filter>external\glm\glm\detail</Filter>
    </ClInclude>
    <ClInclude Include="..\external\glm\glm\detail\type_mat4x2.hpp">
      <Filter>external\glm\glm\detail</Filter>
    </ClInclude>
    <ClInclude Include="..\external\glm\glm\detail\type_mat4x3.hpp">
      <Filter>external\glm\glm\detail</Filter>
    </ClInclude>
    <ClInclude Include="..\external\glm\glm\detail\type_mat4x4.hpp">
      <Filter>external\glm\glm\detail</Filter>
    </ClInclude>
    <ClInclude Include="..\external\glm\glm\detail\type_quat.hpp">
      <Filter>external\glm\glm\detail</Filter>
    </ClInclude>
    <ClInclude Include="..\external\glm\glm\detail\type_vec1.hpp">
      <Filter>external\glm\glm\detail</Filter>
    </ClInclude>
    <ClInclude Include="..\external\glm\glm\detail\type_vec2.hpp">
      <Filter>external\glm\glm\detail</Filter>
    </ClInclude>
    <ClInclude Include="..\external\glm\glm\detail\type_vec3.hpp">
      <Filter>external\glm\glm\detail</Filter>
    </ClInclude>
    <ClInclude Include="..\external\glm\glm\detail\type_vec4.hpp">
      <Filter>external\glm\glm\detail</Filter>
    </ClInclude>
    <ClInclude Include="..\external\glm\glm\exponential.hpp">
      <Filter>external\glm\glm</Filter>
    </ClInclude>
    <ClInclude Include="..\external\glm\glm\ext.hpp">
      <Filter>external\glm\glm</Filter>
    </ClInclude>
    <ClInclude Include="..\external\glm\glm\ext\matrix_clip_space.hpp">
      <Filter>external\glm\glm\ext</Filter>
    </ClInclude>
    <ClInclude Include="..\external\glm\glm\ext\matrix_common.hpp">
      <Filter>external\glm\glm\ext</Filter>
    </ClInclude>
    <ClInclude Include="..\external\glm\glm\ext\matrix_double2x2.hpp">
      <Filter>external\glm\glm\ext</Filter>
    </ClInclude>
    <ClInclude Include="..\external\glm\glm\ext\matrix_double2x2_precision.hpp">
      <Filter>external\glm\glm\ext</Filter>
    </ClInclude>
    <ClInclude Include="..\external\glm\glm\ext\matrix_double2x3.hpp">
      <Filter>external\glm\glm\ext</Filter>
    </ClInclude>
    <ClInclude Include="..\external\glm\glm\ext\matrix_double2x3_precision.hpp">
      <Filter>external\glm\glm\ext</Filter>
    </ClInclude>
    <ClInclude Include="..\external\glm\glm\ext\matrix_double2x4.hpp">
      <Filter>external\glm\glm\ext</Filter>
    </ClInclude>
    <ClInclude Include="..\external\glm\glm\ext\matrix_double2x4_precision.hpp">
      <Filter>external\glm\glm\ext</Filter>
    </ClInclude>
    <ClInclude Include="..\external\glm\glm\ext\matrix_double3x2.hpp">
      <Filter>external\glm\glm\ext</Filter>
    </ClInclude>
    <ClInclude Include="..\external\glm\glm\ext\matrix_double3x2_precision.hpp">
      <Filter>external\glm\glm\ext</Filter>
    </ClInclude>
    <ClInclude Include="..\external\glm\glm\ext\matrix_double3x3.hpp">
      <Filter>external\glm\glm\ext</Filter>
    </ClInclude>
    <ClInclude Include="..\external\glm\glm\ext\matrix_double3x3_precision.hpp">
      <Filter>external\glm\glm\ext</Filter>
    </ClInclude>
    <ClInclude Include="..\external\glm\glm\ext\matrix_double3x4.hpp">
      <Filter>external\glm\glm\ext</Filter>
    </ClInclude>
    <ClInclude Include="..\external\glm\glm\ext\matrix_double3x4_precision.hpp">
      <Filter>external\glm\glm\ext</Filter>
    </ClInclude>
    <ClInclude Include="..\external\glm\glm\ext\matrix_double4x2.hpp">
      <Filter>external\glm\glm\ext</Filter>
    </ClInclude>
    <ClInclude Include="..\external\glm\glm\ext\matrix_double4x2_precision.hpp">
      <Filter>external\glm\glm\ext</Filter>
    </ClInclude>
    <ClInclude Include="..\external\glm\glm\ext\matrix_double4x3.hpp">
      <Filter>external\glm\glm\ext</Filter>
    </ClInclude>
    <ClInclude Include="..\external\glm\glm\ext\matrix_double4x3_precision.hpp">
      <Filter>external\glm\glm\ext</Filter>
    </ClInclude>
    <ClInclude Include="..\external\glm\glm\ext\matrix_double4x4.hpp">
      <Filter>external\glm\glm\ext</Filter>
    </ClInclude>
    <ClInclude Include="..\external\glm\glm\ext\matrix_double4x4_precision.hpp">
      <Filter>external\glm\glm\ext</Filter>
    </ClInclude>
    <ClInclude Include="..\external\glm\glm\ext\matrix_float2x2.hpp">
      <Filter>external\glm\glm\ext</Filter>
    </ClInclude>
    <ClInclude Include="..\external\glm\glm\ext\matrix_float2x2_precision.hpp">
      <Filter>external\glm\glm\ext</Filter>
    </ClInclude>
    <ClInclude Include="..\external\glm\glm\ext\matrix_float2x3.hpp">
      <Filter>external\glm\glm\ext</Filter>
    </ClInclude>
    <ClInclude Include="..\external\glm\glm\ext\matrix_float2x3_precision.hpp">
      <Filter>external\glm\glm\ext</Filter>
    </ClInclude>
    <ClInclude Include="..\external\glm\glm\ext\matrix_float2x4.hpp">
      <Filter>external\glm\glm\ext</Filter>
    </ClInclude>
    <ClInclude Include="..\external\glm\glm\ext\matrix_float2x4_precision.hpp">
      <Filter>external\glm\glm\ext</Filter>
    </ClInclude>
    <ClInclude Include="..\external\glm\glm\ext\matrix_float3x2.hpp">
      <Filter>external\glm\glm\ext</Filter>
    </ClInclude>
    <ClInclude Include="..\external\glm\glm\ext\matrix_float3x2_precision.hpp">
      <Filter>external\glm\glm\ext</Filter>
    </ClInclude>
    <ClInclude Include="..\external\glm\glm\ext\matrix_float3x3.hpp">
      <Filter>external\glm\glm\ext</Filter>
    </ClInclude>
    <ClInclude Include="..\external\glm\glm\ext\matrix_float3x3_precision.hpp">
      <Filter>external\glm\glm\ext</Filter>
    </ClInclude>
    <ClInclude Include="..\external\glm\glm\ext\matrix_float3x4.hpp">
      <Filter>external\glm\glm\ext</Filter>
    </ClInclude>
    <ClInclude Include="..\external\glm\glm\ext\matrix_float3x4_precision.hpp">
      <Filter>external\glm\glm\ext</Filter>
    </ClInclude>
    <ClInclude Include="..\external\glm\glm\ext\matrix_float4x2.hpp">
      <Filter>external\glm\glm\ext</Filter>
    </ClInclude>
    <ClInclude Include="..\external\glm\glm\ext\matrix_float4x2_precision.hpp">
      <Filter>external\glm\glm\ext</Filter>
    </ClInclude>
    <ClInclude Include="..\external\glm\glm\ext\matrix_float4x3.hpp">
      <Filter>external\glm\glm\ext</Filter>
    </ClInclude>
    <ClInclude Include="..\external\glm\glm\ext\matrix_float4x3_precision.hpp">
      <Filter>external\glm\glm\ext</Filter>
    </ClInclude>
    <ClInclude Include="..\external\glm\glm\ext\matrix_float4x4.hpp">
      <Filter>external\glm\glm\ext</Filter>
    </ClInclude>
    <ClInclude Include="..\external\glm\glm\ext\matrix_float4x4_precision.hpp">
      <Filter>external\glm\glm\ext</Filter>
    </ClInclude>
    <ClInclude Include="..\external\glm\glm\ext\matrix_projection.hpp">
      <Filter>external\glm\glm\ext</Filter>
    </ClInclude>
    <ClInclude Include="..\external\glm\glm\ext\matrix_relational.hpp">
      <Filter>external\glm\glm\ext</Filter>
    </ClInclude>
    <ClInclude Include="..\external\glm\glm\ext\matrix_transform.hpp">
      <Filter>external\glm\glm\ext</Filter>
    </ClInclude>
    <ClInclude Include="..\external\glm\glm\ext\quaternion_common.hpp">
      <Filter>external\glm\glm\ext</Filter>
    </ClInclude>
    <ClInclude Include="..\external\glm\glm\ext\quaternion_double.hpp">
      <Filter>external\glm\glm\ext</Filter>
    </ClInclude>
    <ClInclude Include="..\external\glm\glm\ext\quaternion_double_precision.hpp">
      <Filter>external\glm\glm\ext</Filter>
    </ClInclude>
    <ClInclude Include="..\external\glm\glm\ext\quaternion_exponential.hpp">
      <Filter>external\glm\glm\ext</Filter>
    </ClInclude>
    <ClInclude Include="..\external\glm\glm\ext\quaternion_float.hpp">
      <Filter>external\glm\glm\ext</Filter>
    </ClInclude>
    <ClInclude Include="..\external\glm\glm\ext\quaternion_float_precision.hpp">
      <Filter>external\glm\glm\ext</Filter>
    </ClInclude>
    <ClInclude Include="..\external\glm\glm\ext\quaternion_geometric.hpp">
      <Filter>external\glm\glm\ext</Filter>
    </ClInclude>
    <ClInclude Include="..\external\glm\glm\ext\quaternion_relational.hpp">
      <Filter>external\glm\glm\ext</Filter>
    </ClInclude>
    <ClInclude Include="..\external\glm\glm\ext\quaternion_transform.hpp">
      <Filter>external\glm\glm\ext</Filter>
    </ClInclude>
    <ClInclude Include="..\external\glm\glm\ext\quaternion_trigonometric.hpp">
      <Filter>external\glm\glm\ext</Filter>
    </ClInclude>
    <ClInclude Include="..\external\glm\glm\ext\scalar_common.hpp">
      <Filter>external\glm\glm\ext</Filter>
    </ClInclude>
    <ClInclude Include="..\external\glm\glm\ext\scalar_constants.hpp">
      <Filter>external\glm\glm\ext</Filter>
    </ClInclude>
    <ClInclude Include="..\external\glm\glm\ext\scalar_int_sized.hpp">
      <Filter>external\glm\glm\ext</Filter>
    </ClInclude>
    <ClInclude Include="..\external\glm\glm\ext\scalar_integer.hpp">
      <Filter>external\glm\glm\ext</Filter>
    </ClInclude>
    <ClInclude Include="..\external\glm\glm\ext\scalar_relational.hpp">
      <Filter>external\glm\glm\ext</Filter>
    </ClInclude>
    <ClInclude Include="..\external\glm\glm\ext\scalar_uint_sized.hpp">
      <Filter>external\glm\glm\ext</Filter>
    </ClInclude>
    <ClInclude Include="..\external\glm\glm\ext\scalar_ulp.hpp">
      <Filter>external\glm\glm\ext</Filter>
    </ClInclude>
    <ClInclude Include="..\external\glm\glm\ext\vector_bool1.hpp">
      <Filter>external\glm\glm\ext</Filter>
    </ClInclude>
    <ClInclude Include="..\external\glm\glm\ext\vector_bool1_precision.hpp">
      <Filter>external\glm\glm\ext</Filter>
    </ClInclude>
    <ClInclude Include="..\external\glm\glm\ext\vector_bool2.hpp">
      <Filter>external\glm\glm\ext</Filter>
    </ClInclude>
    <ClInclude Include="..\external\glm\glm\ext\vector_bool2_precision.hpp">
      <Filter>external\glm\glm\ext</Filter>
    </ClInclude>
    <ClInclude Include="..\external\glm\glm\ext\vector_bool3.hpp">
      <Filter>external\glm\glm\ext</Filter>
    </ClInclude>
    <ClInclude Include="..\external\glm\glm\ext\vector_bool3_precision.hpp">
      <Filter>external\glm\glm\ext</Filter>
    </ClInclude>
    <ClInclude Include="..\external\glm\glm\ext\vector_bool4.hpp">
      <Filter>external\glm\glm\ext</Filter>
    </ClInclude>
    <ClInclude Include="..\external\glm\glm\ext\vector_bool4_precision.hpp">
      <Filter>external\glm\glm\ext</Filter>
    </ClInclude>
    <ClInclude Include="..\external\glm\glm\ext\vector_common.hpp">
      <Filter>external\glm\glm\ext</Filter>
    </ClInclude>
    <ClInclude Include="..\external\glm\glm\ext\vector_double1.hpp">
      <Filter>external\glm\glm\ext</Filter>
    </ClInclude>
    <ClInclude Include="..\external\glm\glm\ext\vector_double1_precision.hpp">
      <Filter>external\glm\glm\ext</Filter>
    </ClInclude>
    <ClInclude Include="..\external\glm\glm\ext\vector_double2.hpp">
      <Filter>external\glm\glm\ext</Filter>
    </ClInclude>
    <ClInclude Include="..\external\glm\glm\ext\vector_double2_precision.hpp">
      <Filter>external\glm\glm\ext</Filter>
    </ClInclude>
    <ClInclude Include="..\external\glm\glm\ext\vector_double3.hpp">
      <Filter>external\glm\glm\ext</Filter>
    </ClInclude>
    <ClInclude Include="..\external\glm\glm\ext\vector_double3_precision.hpp">
      <Filter>external\glm\glm\ext</Filter>
    </ClInclude>
    <ClInclude Include="..\external\glm\glm\ext\vector_double4.hpp">
      <Filter>external\glm\glm\ext</Filter>
    </ClInclude>
    <ClInclude Include="..\external\glm\glm\ext\vector_double4_precision.hpp">
      <Filter>external\glm\glm\ext</Filter>
    </ClInclude>
    <ClInclude Include="..\external\glm\glm\ext\vector_float1.hpp">
      <Filter>external\glm\glm\ext</Filter>
    </ClInclude>
    <ClInclude Include="..\external\glm\glm\ext\vector_float1_precision.hpp">
      <Filter>external\glm\glm\ext</Filter>
    </ClInclude>
    <ClInclude Include="..\external\glm\glm\ext\vector_float2.hpp">
      <Filter>external\glm\glm\ext</Filter>
    </ClInclude>
    <ClInclude Include="..\external\glm\glm\ext\vector_float2_precision.hpp">
      <Filter>external\glm\glm\ext</Filter>
    </ClInclude>
    <ClInclude Include="..\external\glm\glm\ext\vector_float3.hpp">
      <Filter>external\glm\glm\ext</Filter>
    </ClInclude>
    <ClInclude Include="..\external\glm\glm\ext\vector_float3_precision.hpp">
      <Filter>external\glm\glm\ext</Filter>
    </ClInclude>
    <ClInclude Include="..\external\glm\glm\ext\vector_float4.hpp">
      <Filter>external\glm\glm\ext</Filter>
    </ClInclude>
    <ClInclude Include="..\external\glm\glm\ext\vector_float4_precision.hpp">
      <Filter>external\glm\glm\ext</Filter>
    </ClInclude>
    <ClInclude Include="..\external\glm\glm\ext\vector_int1.hpp">
      <Filter>external\glm\glm\ext</Filter>
    </ClInclude>
    <ClInclude Include="..\external\glm\glm\ext\vector_int1_precision.hpp">
      <Filter>external\glm\glm\ext</Filter>
    </ClInclude>
    <ClInclude Include="..\external\glm\glm\ext\vector_int2.hpp">
      <Filter>external\glm\glm\ext</Filter>
    </ClInclude>
    <ClInclude Include="..\external\glm\glm\ext\vector_int2_precision.hpp">
      <Filter>external\glm\glm\ext</Filter>
    </ClInclude>
    <ClInclude Include="..\external\glm\glm\ext\vector_int3.hpp">
      <Filter>external\glm\glm\ext</Filter>
    </ClInclude>
    <ClInclude Include="..\external\glm\glm\ext\vector_int3_precision.hpp">
      <Filter>external\glm\glm\ext</Filter>
    </ClInclude>
    <ClInclude Include="..\external\glm\glm\ext\vector_int4.hpp">
      <Filter>external\glm\glm\ext</Filter>
    </ClInclude>
    <ClInclude Include="..\external\glm\glm\ext\vector_int4_precision.hpp">
      <Filter>external\glm\glm\ext</Filter>
    </ClInclude>
    <ClInclude Include="..\external\glm\glm\ext\vector_integer.hpp">
      <Filter>external\glm\glm\ext</Filter>
    </ClInclude>
    <ClInclude Include="..\external\glm\glm\ext\vector_relational.hpp">
      <Filter>external\glm\glm\ext</Filter>
    </ClInclude>
    <ClInclude Include="..\external\glm\glm\ext\vector_uint1.hpp">
      <Filter>external\glm\glm\ext</Filter>
    </ClInclude>
    <ClInclude Include="..\external\glm\glm\ext\vector_uint1_precision.hpp">
      <Filter>external\glm\glm\ext</Filter>
    </ClInclude>
    <ClInclude Include="..\external\glm\glm\ext\vector_uint2.hpp">
      <Filter>external\glm\glm\ext</Filter>
    </ClInclude>
    <ClInclude Include="..\external\glm\glm\ext\vector_uint2_precision.hpp">
      <Filter>external\glm\glm\ext</Filter>
    </ClInclude>
    <ClInclude Include="..\external\glm\glm\ext\vector_uint3.hpp">
      <Filter>external\glm\glm\ext</Filter>
    </ClInclude>
    <ClInclude Include="..\external\glm\glm\ext\vector_uint3_precision.hpp">
      <Filter>external\glm\glm\ext</Filter>
    </ClInclude>
    <ClInclude Include="..\external\glm\glm\ext\vector_uint4.hpp">
      <Filter>external\glm\glm\ext</Filter>
    </ClInclude>
    <ClInclude Include="..\external\glm\glm\ext\vector_uint4_precision.hpp">
      <Filter>external\glm\glm\ext</Filter>
    </ClInclude>
    <ClInclude Include="..\external\glm\glm\ext\vector_ulp.hpp">
      <Filter>external\glm\glm\ext</Filter>
    </ClInclude>
    <ClInclude Include="..\external\glm\glm\fwd.hpp">
      <Filter>external\glm\glm</Filter>
    </ClInclude>
    <ClInclude Include="..\external\glm\glm\geometric.hpp">
      <Filter>external\glm\glm</Filter>
    </ClInclude>
    <ClInclude Include="..\external\glm\glm\glm.hpp">
      <Filter>external\glm\glm</Filter>
    </ClInclude>
    <ClInclude Include="..\external\glm\glm\gtc\bitfield.hpp">
      <Filter>external\glm\glm\gtc</Filter>
    </ClInclude>
    <ClInclude Include="..\external\glm\glm\gtc\color_space.hpp">
      <Filter>external\glm\glm\gtc</Filter>
    </ClInclude>
    <ClInclude Include="..\external\glm\glm\gtc\constants.hpp">
      <Filter>external\glm\glm\gtc</Filter>
    </ClInclude>
    <ClInclude Include="..\external\glm\glm\gtc\epsilon.hpp">
      <Filter>external\glm\glm\gtc</Filter>
    </ClInclude>
    <ClInclude Include="..\external\glm\glm\gtc\integer.hpp">
      <Filter>external\glm\glm\gtc</Filter>
    </ClInclude>
    <ClInclude Include="..\external\glm\glm\gtc\matrix_access.hpp">
      <Filter>external\glm\glm\gtc</Filter>
    </ClInclude>
    <ClInclude Include="..\external\glm\glm\gtc\matrix_integer.hpp">
      <Filter>external\glm\glm\gtc</Filter>
    </ClInclude>
    <ClInclude Include="..\external\glm\glm\gtc\matrix_inverse.hpp">
      <Filter>external\glm\glm\gtc</Filter>
    </ClInclude>
    <ClInclude Include="..\external\glm\glm\gtc\matrix_transform.hpp">
      <Filter>external\glm\glm\gtc</Filter>
    </ClInclude>
    <ClInclude Include="..\external\glm\glm\gtc\noise.hpp">
      <Filter>external\glm\glm\gtc</Filter>
    </ClInclude>
    <ClInclude Include="..\external\glm\glm\gtc\packing.hpp">
      <Filter>external\glm\glm\gtc</Filter>
    </ClInclude>
    <ClInclude Include="..\external\glm\glm\gtc\quaternion.hpp">
      <Filter>external\glm\glm\gtc</Filter>
    </ClInclude>
    <ClInclude Include="..\external\glm\glm\gtc\random.hpp">
      <Filter>external\glm\glm\gtc</Filter>
    </ClInclude>
    <ClInclude Include="..\external\glm\glm\gtc\reciprocal.hpp">
      <Filter>external\glm\glm\gtc</Filter>
    </ClInclude>
    <ClInclude Include="..\external\glm\glm\gtc\round.hpp">
      <Filter>external\glm\glm\gtc</Filter>
    </ClInclude>
    <ClInclude Include="..\external\glm\glm\gtc\type_aligned.hpp">
      <Filter>external\glm\glm\gtc</Filter>
    </ClInclude>
    <ClInclude Include="..\external\glm\glm\gtc\type_precision.hpp">
      <Filter>external\glm\glm\gtc</Filter>
    </ClInclude>
    <ClInclude Include="..\external\glm\glm\gtc\type_ptr.hpp">
      <Filter>external\glm\glm\gtc</Filter>
    </ClInclude>
    <ClInclude Include="..\external\glm\glm\gtc\ulp.hpp">
      <Filter>external\glm\glm\gtc</Filter>
    </ClInclude>
    <ClInclude Include="..\external\glm\glm\gtc\vec1.hpp">
      <Filter>external\glm\glm\gtc</Filter>
    </ClInclude>
    <ClInclude Include="..\external\glm\glm\gtx\associated_min_max.hpp">
      <Filter>external\glm\glm\gtx</Filter>
    </ClInclude>
    <ClInclude Include="..\external\glm\glm\gtx\bit.hpp">
      <Filter>external\glm\glm\gtx</Filter>
    </ClInclude>
    <ClInclude Include="..\external\glm\glm\gtx\closest_point.hpp">
      <Filter>external\glm\glm\gtx</Filter>
    </ClInclude>
    <ClInclude Include="..\external\glm\glm\gtx\color_encoding.hpp">
      <Filter>external\glm\glm\gtx</Filter>
    </ClInclude>
    <ClInclude Include="..\external\glm\glm\gtx\color_space.hpp">
      <Filter>external\glm\glm\gtx</Filter>
    </ClInclude>
    <ClInclude Include="..\external\glm\glm\gtx\color_space_YCoCg.hpp">
      <Filter>external\glm\glm\gtx</Filter>
    </ClInclude>
    <ClInclude Include="..\external\glm\glm\gtx\common.hpp">
      <Filter>external\glm\glm\gtx</Filter>
    </ClInclude>
    <ClInclude Include="..\external\glm\glm\gtx\compatibility.hpp">
      <Filter>external\glm\glm\gtx</Filter>
    </ClInclude>
    <ClInclude Include="..\external\glm\glm\gtx\component_wise.hpp">
      <Filter>external\glm\glm\gtx</Filter>
    </ClInclude>
    <ClInclude Include="..\external\glm\glm\gtx\dual_quaternion.hpp">
      <Filter>external\glm\glm\gtx</Filter>
    </ClInclude>
    <ClInclude Include="..\external\glm\glm\gtx\easing.hpp">
      <Filter>external\glm\glm\gtx</Filter>
    </ClInclude>
    <ClInclude Include="..\external\glm\glm\gtx\euler_angles.hpp">
      <Filter>external\glm\glm\gtx</Filter>
    </ClInclude>
    <ClInclude Include="..\external\glm\glm\gtx\extend.hpp">
      <Filter>external\glm\glm\gtx</Filter>
    </ClInclude>
    <ClInclude Include="..\external\glm\glm\gtx\extended_min_max.hpp">
      <Filter>external\glm\glm\gtx</Filter>
    </ClInclude>
    <ClInclude Include="..\external\glm\glm\gtx\exterior_product.hpp">
      <Filter>external\glm\glm\gtx</Filter>
    </ClInclude>
    <ClInclude Include="..\external\glm\glm\gtx\fast_exponential.hpp">
      <Filter>external\glm\glm\gtx</Filter>
    </ClInclude>
    <ClInclude Include="..\external\glm\glm\gtx\fast_square_root.hpp">
      <Filter>external\glm\glm\gtx</Filter>
    </ClInclude>
    <ClInclude Include="..\external\glm\glm\gtx\fast_trigonometry.hpp">
      <Filter>external\glm\glm\gtx</Filter>
    </ClInclude>
    <ClInclude Include="..\external\glm\glm\gtx\functions.hpp">
      <Filter>external\glm\glm\gtx</Filter>
    </ClInclude>
    <ClInclude Include="..\external\glm\glm\gtx\gradient_paint.hpp">
      <Filter>external\glm\glm\gtx</Filter>
    </ClInclude>
    <ClInclude Include="..\external\glm\glm\gtx\handed_coordinate_space.hpp">
      <Filter>external\glm\glm\gtx</Filter>
    </ClInclude>
    <ClInclude Include="..\external\glm\glm\gtx\hash.hpp">
      <Filter>external\glm\glm\gtx</Filter>
    </ClInclude>
    <ClInclude Include="..\external\glm\glm\gtx\integer.hpp">
      <Filter>external\glm\glm\gtx</Filter>
    </ClInclude>
    <ClInclude Include="..\external\glm\glm\gtx\intersect.hpp">
      <Filter>external\glm\glm\gtx</Filter>
    </ClInclude>
    <ClInclude Include="..\external\glm\glm\gtx\io.hpp">
      <Filter>external\glm\glm\gtx</Filter>
    </ClInclude>
    <ClInclude Include="..\external\glm\glm\gtx\log_base.hpp">
      <Filter>external\glm\glm\gtx</Filter>
    </ClInclude>
    <ClInclude Include="..\external\glm\glm\gtx\matrix_cross_product.hpp">
      <Filter>external\glm\glm\gtx</Filter>
    </ClInclude>
    <ClInclude Include="..\external\glm\glm\gtx\matrix_decompose.hpp">
      <Filter>external\glm\glm\gtx</Filter>
    </ClInclude>
    <ClInclude Include="..\external\glm\glm\gtx\matrix_factorisation.hpp">
      <Filter>external\glm\glm\gtx</Filter>
    </ClInclude>
    <ClInclude Include="..\external\glm\glm\gtx\matrix_interpolation.hpp">
      <Filter>external\glm\glm\gtx</Filter>
    </ClInclude>
    <ClInclude Include="..\external\glm\glm\gtx\matrix_major_storage.hpp">
      <Filter>external\glm\glm\gtx</Filter>
    </ClInclude>
    <ClInclude Include="..\external\glm\glm\gtx\matrix_operation.hpp">
      <Filter>external\glm\glm\gtx</Filter>
    </ClInclude>
    <ClInclude Include="..\external\glm\glm\gtx\matrix_query.hpp">
      <Filter>external\glm\glm\gtx</Filter>
    </ClInclude>
    <ClInclude Include="..\external\glm\glm\gtx\matrix_transform_2d.hpp">
      <Filter>external\glm\glm\gtx</Filter>
    </ClInclude>
    <ClInclude Include="..\external\glm\glm\gtx\mixed_product.hpp">
      <Filter>external\glm\glm\gtx</Filter>
    </ClInclude>
    <ClInclude Include="..\external\glm\glm\gtx\norm.hpp">
      <Filter>external\glm\glm\gtx</Filter>
    </ClInclude>
    <ClInclude Include="..\external\glm\glm\gtx\normal.hpp">
      <Filter>external\glm\glm\gtx</Filter>
    </ClInclude>
    <ClInclude Include="..\external\glm\glm\gtx\normalize_dot.hpp">
      <Filter>external\glm\glm\gtx</Filter>
    </ClInclude>
    <ClInclude Include="..\external\glm\glm\gtx\number_precision.hpp">
      <Filter>external\glm\glm\gtx</Filter>
    </ClInclude>
    <ClInclude Include="..\external\glm\glm\gtx\optimum_pow.hpp">
      <Filter>external\glm\glm\gtx</Filter>
    </ClInclude>
    <ClInclude Include="..\external\glm\glm\gtx\orthonormalize.hpp">
      <Filter>external\glm\glm\gtx</Filter>
    </ClInclude>
    <ClInclude Include="..\external\glm\glm\gtx\perpendicular.hpp">
      <Filter>external\glm\glm\gtx</Filter>
    </ClInclude>
    <ClInclude Include="..\external\glm\glm\gtx\polar_coordinates.hpp">
      <Filter>external\glm\glm\gtx</Filter>
    </ClInclude>
    <ClInclude Include="..\external\glm\glm\gtx\projection.hpp">
      <Filter>external\glm\glm\gtx</Filter>
    </ClInclude>
    <ClInclude Include="..\external\glm\glm\gtx\quaternion.hpp">
      <Filter>external\glm\glm\gtx</Filter>
    </ClInclude>
    <ClInclude Include="..\external\glm\glm\gtx\range.hpp">
      <Filter>external\glm\glm\gtx</Filter>
    </ClInclude>
    <ClInclude Include="..\external\glm\glm\gtx\raw_data.hpp">
      <Filter>external\glm\glm\gtx</Filter>
    </ClInclude>
    <ClInclude Include="..\external\glm\glm\gtx\rotate_normalized_axis.hpp">
      <Filter>external\glm\glm\gtx</Filter>
    </ClInclude>
    <ClInclude Include="..\external\glm\glm\gtx\rotate_vector.hpp">
      <Filter>external\glm\glm\gtx</Filter>
    </ClInclude>
    <ClInclude Include="..\external\glm\glm\gtx\scalar_multiplication.hpp">
      <Filter>external\glm\glm\gtx</Filter>
    </ClInclude>
    <ClInclude Include="..\external\glm\glm\gtx\scalar_relational.hpp">
      <Filter>external\glm\glm\gtx</Filter>
    </ClInclude>
    <ClInclude Include="..\external\glm\glm\gtx\spline.hpp">
      <Filter>external\glm\glm\gtx</Filter>
    </ClInclude>
    <ClInclude Include="..\external\glm\glm\gtx\std_based_type.hpp">
      <Filter>external\glm\glm\gtx</Filter>
    </ClInclude>
    <ClInclude Include="..\external\glm\glm\gtx\string_cast.hpp">
      <Filter>external\glm\glm\gtx</Filter>
    </ClInclude>
    <ClInclude Include="..\external\glm\glm\gtx\texture.hpp">
      <Filter>external\glm\glm\gtx</Filter>
    </ClInclude>
    <ClInclude Include="..\external\glm\glm\gtx\transform.hpp">
      <Filter>external\glm\glm\gtx</Filter>
    </ClInclude>
    <ClInclude Include="..\external\glm\glm\gtx\transform2.hpp">
      <Filter>external\glm\glm\gtx</Filter>
    </ClInclude>
    <ClInclude Include="..\external\glm\glm\gtx\type_aligned.hpp">
      <Filter>external\glm\glm\gtx</Filter>
    </ClInclude>
    <ClInclude Include="..\external\glm\glm\gtx\type_trait.hpp">
      <Filter>external\glm\glm\gtx</Filter>
    </ClInclude>
    <ClInclude Include="..\external\glm\glm\gtx\vec_swizzle.hpp">
      <Filter>external\glm\glm\gtx</Filter>
    </ClInclude>
    <ClInclude Include="..\external\glm\glm\gtx\vector_angle.hpp">
      <Filter>external\glm\glm\gtx</Filter>
    </ClInclude>
    <ClInclude Include="..\external\glm\glm\gtx\vector_query.hpp">
      <Filter>external\glm\glm\gtx</Filter>
    </ClInclude>
    <ClInclude Include="..\external\glm\glm\gtx\wrap.hpp">
      <Filter>external\glm\glm\gtx</Filter>
    </ClInclude>
    <ClInclude Include="..\external\glm\glm\integer.hpp">
      <Filter>external\glm\glm</Filter>
    </ClInclude>
    <ClInclude Include="..\external\glm\glm\mat2x2.hpp">
      <Filter>external\glm\glm</Filter>
    </ClInclude>
    <ClInclude Include="..\external\glm\glm\mat2x3.hpp">
      <Filter>external\glm\glm</Filter>
    </ClInclude>
    <ClInclude Include="..\external\glm\glm\mat2x4.hpp">
      <Filter>external\glm\glm</Filter>
    </ClInclude>
    <ClInclude Include="..\external\glm\glm\mat3x2.hpp">
      <Filter>external\glm\glm</Filter>
    </ClInclude>
    <ClInclude Include="..\external\glm\glm\mat3x3.hpp">
      <Filter>external\glm\glm</Filter>
    </ClInclude>
    <ClInclude Include="..\external\glm\glm\mat3x4.hpp">
      <Filter>external\glm\glm</Filter>
    </ClInclude>
    <ClInclude Include="..\external\glm\glm\mat4x2.hpp">
      <Filter>external\glm\glm</Filter>
    </ClInclude>
    <ClInclude Include="..\external\glm\glm\mat4x3.hpp">
      <Filter>external\glm\glm</Filter>
    </ClInclude>
    <ClInclude Include="..\external\glm\glm\mat4x4.hpp">
      <Filter>external\glm\glm</Filter>
    </ClInclude>
    <ClInclude Include="..\external\glm\glm\matrix.hpp">
      <Filter>external\glm\glm</Filter>
    </ClInclude>
    <ClInclude Include="..\external\glm\glm\packing.hpp">
      <Filter>external\glm\glm</Filter>
    </ClInclude>
    <ClInclude Include="..\external\glm\glm\trigonometric.hpp">
      <Filter>external\glm\glm</Filter>
    </ClInclude>
    <ClInclude Include="..\external\glm\glm\vec2.hpp">
      <Filter>external\glm\glm</Filter>
    </ClInclude>
    <ClInclude Include="..\external\glm\glm\vec3.hpp">
      <Filter>external\glm\glm</Filter>
    </ClInclude>
    <ClInclude Include="..\external\glm\glm\vec4.hpp">
      <Filter>external\glm\glm</Filter>
    </ClInclude>
    <ClInclude Include="..\external\glm\glm\vector_relational.hpp">
      <Filter>external\glm\glm</Filter>
    </ClInclude>
    <ClInclude Include="..\external\volk\volk.h">
      <Filter>external\volk</Filter>
    </ClInclude>
    <ClInclude Include="src\Camera.h">
      <Filter>src</Filter>
    </ClInclude>
    <ClInclude Include="src\DeviceVulkan.h">
      <Filter>src</Filter>
    </ClInclude>
    <ClInclude Include="src\logging.h">
      <Filter>src</Filter>
    </ClInclude>
    <ClInclude Include="src\pch.h">
      <Filter>src</Filter>
    </ClInclude>
  </ItemGroup>
  <ItemGroup>
    <ClCompile Include="..\external\volk\volk.c">
      <Filter>external\volk</Filter>
    </ClCompile>
    <ClCompile Include="src\Camera.cpp">
      <Filter>src</Filter>
    </ClCompile>
    <ClCompile Include="src\DeviceVulkan.cpp">
      <Filter>src</Filter>
    </ClCompile>
    <ClCompile Include="src\logging.cpp">
      <Filter>src</Filter>
    </ClCompile>
    <ClCompile Include="src\main.cpp">
      <Filter>src</Filter>
    </ClCompile>
    <ClCompile Include="src\pch.cpp">
      <Filter>src</Filter>
    </ClCompile>
  </ItemGroup>
  <ItemGroup>
    <Natvis Include="..\external\glm\util\glm.natvis">
      <Filter>external\glm\util</Filter>
    </Natvis>
  </ItemGroup>
</Project>