
Microsoft Visual Studio Solution File, Format Version 12.00
# Visual Studio 16
Project("{8BC9CEB8-8B4A-11D0-8D11-00A0C91BC942}") = "sample-gltf", "sample-gltf.vcxproj", "{E1BE6CBA-4D74-E5AF-D668-DF86421DDCB3}"
EndProject
Global
	GlobalSection(SolutionConfigurationPlatforms) = preSolution
		Debug|Win64 = Debug|Win64
		Release|Win64 = Release|Win64
	EndGlobalSection
	GlobalSection(ProjectConfigurationPlatforms) = postSolution
		{E1BE6CBA-4D74-E5AF-D668-DF86421DDCB3}.Debug|Win64.ActiveCfg = Debug Win64|x64
		{E1BE6CBA-4D74-E5AF-D668-DF86421DDCB3}.Debug|Win64.Build.0 = Debug Win64|x64
		{E1BE6CBA-4D74-E5AF-D668-DF86421DDCB3}.Release|Win64.ActiveCfg = Release Win64|x64
		{E1BE6CBA-4D74-E5AF-D668-DF86421DDCB3}.Release|Win64.Build.0 = Release Win64|x64
	EndGlobalSection
	GlobalSection(SolutionProperties) = preSolution
		HideSolutionNode = FALSE
	EndGlobalSection
EndGlobal
